
Microsoft Visual Studio Solution File, Format Version 12.00
# Visual Studio 15
VisualStudioVersion = 15.0.27703.2035
MinimumVisualStudioVersion = 10.0.40219.1
Project("{9A19103F-16F7-4668-BE54-9A1E7A4F7556}") = "Blog", "Blog\Blog.csproj", "{8B721B37-1470-4699-B6B6-01293177919B}"
EndProject
Project("{FAE04EC0-301F-11D3-BF4B-00C04F79EFBC}") = "Data", "Data\Data.csproj", "{46D17B19-BA80-4B55-9CE8-7EE1FD08580B}"
EndProject
Global
	GlobalSection(SolutionConfigurationPlatforms) = preSolution
		Debug|Any CPU = Debug|Any CPU
		Release|Any CPU = Release|Any CPU
	EndGlobalSection
	GlobalSection(ProjectConfigurationPlatforms) = postSolution
		{8B721B37-1470-4699-B6B6-01293177919B}.Debug|Any CPU.ActiveCfg = Debug|Any CPU
		{8B721B37-1470-4699-B6B6-01293177919B}.Debug|Any CPU.Build.0 = Debug|Any CPU
		{8B721B37-1470-4699-B6B6-01293177919B}.Release|Any CPU.ActiveCfg = Release|Any CPU
		{8B721B37-1470-4699-B6B6-01293177919B}.Release|Any CPU.Build.0 = Release|Any CPU
		{46D17B19-BA80-4B55-9CE8-7EE1FD08580B}.Debug|Any CPU.ActiveCfg = Debug|Any CPU
		{46D17B19-BA80-4B55-9CE8-7EE1FD08580B}.Debug|Any CPU.Build.0 = Debug|Any CPU
		{46D17B19-BA80-4B55-9CE8-7EE1FD08580B}.Release|Any CPU.ActiveCfg = Release|Any CPU
		{46D17B19-BA80-4B55-9CE8-7EE1FD08580B}.Release|Any CPU.Build.0 = Release|Any CPU
	EndGlobalSection
	GlobalSection(SolutionProperties) = preSolution
		HideSolutionNode = FALSE
	EndGlobalSection
	GlobalSection(ExtensibilityGlobals) = postSolution
		SolutionGuid = {95ACE2A6-61F3-4FD7-B883-058B7CCDCCB3}
	EndGlobalSection
EndGlobal
